
Microsoft Visual Studio Solution File, Format Version 12.00
# Visual Studio Version 17
VisualStudioVersion = 17.13.35818.85 d17.13
MinimumVisualStudioVersion = 10.0.40219.1
Project("{FAE04EC0-301F-11D3-BF4B-00C04F79EFBC}") = "API", "API\API.csproj", "{AA39E89E-87E1-4142-BF41-1972D443955E}"
EndProject
Project("{FAE04EC0-301F-11D3-BF4B-00C04F79EFBC}") = "Services", "Services\Services.csproj", "{C6DD08AD-EE34-4AAB-92A1-B8B2101C19F6}"
EndProject
Project("{FAE04EC0-301F-11D3-BF4B-00C04F79EFBC}") = "Repositories", "Repositories\Repositories.csproj", "{474E0915-569B-4B56-8BA6-BB27F933541A}"
EndProject
Global
	GlobalSection(SolutionConfigurationPlatforms) = preSolution
		Debug|Any CPU = Debug|Any CPU
		Release|Any CPU = Release|Any CPU
	EndGlobalSection
	GlobalSection(ProjectConfigurationPlatforms) = postSolution
		{AA39E89E-87E1-4142-BF41-1972D443955E}.Debug|Any CPU.ActiveCfg = Debug|Any CPU
		{AA39E89E-87E1-4142-BF41-1972D443955E}.Debug|Any CPU.Build.0 = Debug|Any CPU
		{AA39E89E-87E1-4142-BF41-1972D443955E}.Release|Any CPU.ActiveCfg = Release|Any CPU
		{AA39E89E-87E1-4142-BF41-1972D443955E}.Release|Any CPU.Build.0 = Release|Any CPU
		{C6DD08AD-EE34-4AAB-92A1-B8B2101C19F6}.Debug|Any CPU.ActiveCfg = Debug|Any CPU
		{C6DD08AD-EE34-4AAB-92A1-B8B2101C19F6}.Debug|Any CPU.Build.0 = Debug|Any CPU
		{C6DD08AD-EE34-4AAB-92A1-B8B2101C19F6}.Release|Any CPU.ActiveCfg = Release|Any CPU
		{C6DD08AD-EE34-4AAB-92A1-B8B2101C19F6}.Release|Any CPU.Build.0 = Release|Any CPU
		{474E0915-569B-4B56-8BA6-BB27F933541A}.Debug|Any CPU.ActiveCfg = Debug|Any CPU
		{474E0915-569B-4B56-8BA6-BB27F933541A}.Debug|Any CPU.Build.0 = Debug|Any CPU
		{474E0915-569B-4B56-8BA6-BB27F933541A}.Release|Any CPU.ActiveCfg = Release|Any CPU
		{474E0915-569B-4B56-8BA6-BB27F933541A}.Release|Any CPU.Build.0 = Release|Any CPU
	EndGlobalSection
	GlobalSection(SolutionProperties) = preSolution
		HideSolutionNode = FALSE
	EndGlobalSection
	GlobalSection(ExtensibilityGlobals) = postSolution
		SolutionGuid = {C3AD8C53-74DB-4490-A1D8-EE00ADBCDCB2}
	EndGlobalSection
EndGlobal
